{
  "name": "bpOS",
  "lockfileVersion": 3,
  "requires": true,
  "packages": {
    "": {
      "dependencies": {
        "bash-path": "^2.0.1"
      }
    },
    "node_modules/bash-path": {
      "version": "2.0.1",
      "resolved": "https://registry.npmjs.org/bash-path/-/bash-path-2.0.1.tgz",
      "integrity": "sha512-cBJaWODBsbTsf8WylNtTptGP7Vd/JSN4Vc0ahBXUY3e/HNobG+LRPCoIYvOefOkrcYnotEbjd0J9URZPtGpjlw==",
      "license": "MIT",
      "engines": {
        "node": ">=6"
      }
    }
  }
}
